
Microsoft Visual Studio Solution File, Format Version 12.00
# Visual Studio Version 16
VisualStudioVersion = 16.0.31313.79
MinimumVisualStudioVersion = 10.0.40219.1
Project("{FAE04EC0-301F-11D3-BF4B-00C04F79EFBC}") = "BackendConcesionaria", "BackendConcesionaria\BackendConcesionaria.csproj", "{1F05F18F-D47B-48F0-8E62-08E8ECD1C411}"
EndProject
Global
	GlobalSection(SolutionConfigurationPlatforms) = preSolution
		Debug|Any CPU = Debug|Any CPU
		Release|Any CPU = Release|Any CPU
	EndGlobalSection
	GlobalSection(ProjectConfigurationPlatforms) = postSolution
		{1F05F18F-D47B-48F0-8E62-08E8ECD1C411}.Debug|Any CPU.ActiveCfg = Debug|Any CPU
		{1F05F18F-D47B-48F0-8E62-08E8ECD1C411}.Debug|Any CPU.Build.0 = Debug|Any CPU
		{1F05F18F-D47B-48F0-8E62-08E8ECD1C411}.Release|Any CPU.ActiveCfg = Release|Any CPU
		{1F05F18F-D47B-48F0-8E62-08E8ECD1C411}.Release|Any CPU.Build.0 = Release|Any CPU
	EndGlobalSection
	GlobalSection(SolutionProperties) = preSolution
		HideSolutionNode = FALSE
	EndGlobalSection
	GlobalSection(ExtensibilityGlobals) = postSolution
		SolutionGuid = {4502A399-677B-43DE-8852-B7F938A2C78C}
	EndGlobalSection
EndGlobal
